// !$*UTF8*$!
{
	archiveVersion = 1;
	classes = {
	};
	objectVersion = 46;
	objects = {

/* Begin PBXBuildFile section */
		2216376F1BC4910300F936D7 /* UIView+Shape.m in Sources */ = {isa = PBXBuildFile; fileRef = 2216376E1BC4910300F936D7 /* UIView+Shape.m */; settings = {ASSET_TAGS = (); }; };
		2216377A1BC4A62500F936D7 /* IOSRequest.m in Sources */ = {isa = PBXBuildFile; fileRef = 221637791BC4A62500F936D7 /* IOSRequest.m */; settings = {ASSET_TAGS = (); }; };
		221637F11BC4AED200F936D7 /* AFHTTPClient.m in Sources */ = {isa = PBXBuildFile; fileRef = 221637DF1BC4AED200F936D7 /* AFHTTPClient.m */; settings = {ASSET_TAGS = (); }; };
		221637F21BC4AED200F936D7 /* AFHTTPRequestOperation.m in Sources */ = {isa = PBXBuildFile; fileRef = 221637E11BC4AED200F936D7 /* AFHTTPRequestOperation.m */; settings = {ASSET_TAGS = (); }; };
		221637F31BC4AED200F936D7 /* AFImageRequestOperation.m in Sources */ = {isa = PBXBuildFile; fileRef = 221637E31BC4AED200F936D7 /* AFImageRequestOperation.m */; settings = {ASSET_TAGS = (); }; };
		221637F41BC4AED200F936D7 /* AFJSONRequestOperation.m in Sources */ = {isa = PBXBuildFile; fileRef = 221637E51BC4AED200F936D7 /* AFJSONRequestOperation.m */; settings = {ASSET_TAGS = (); }; };
		221637F51BC4AED200F936D7 /* AFNetworkActivityIndicatorManager.m in Sources */ = {isa = PBXBuildFile; fileRef = 221637E71BC4AED200F936D7 /* AFNetworkActivityIndicatorManager.m */; settings = {ASSET_TAGS = (); }; };
		221637F61BC4AED200F936D7 /* AFPropertyListRequestOperation.m in Sources */ = {isa = PBXBuildFile; fileRef = 221637EA1BC4AED200F936D7 /* AFPropertyListRequestOperation.m */; settings = {ASSET_TAGS = (); }; };
		221637F71BC4AED200F936D7 /* AFURLConnectionOperation.m in Sources */ = {isa = PBXBuildFile; fileRef = 221637EC1BC4AED200F936D7 /* AFURLConnectionOperation.m */; settings = {ASSET_TAGS = (); }; };
		221637F81BC4AED200F936D7 /* AFXMLRequestOperation.m in Sources */ = {isa = PBXBuildFile; fileRef = 221637EE1BC4AED200F936D7 /* AFXMLRequestOperation.m */; settings = {ASSET_TAGS = (); }; };
		221637F91BC4AED200F936D7 /* UIImageView+AFNetworking.m in Sources */ = {isa = PBXBuildFile; fileRef = 221637F01BC4AED200F936D7 /* UIImageView+AFNetworking.m */; settings = {ASSET_TAGS = (); }; };
		222E80111BC56D53003FD835 /* MBProgressHUD.m in Sources */ = {isa = PBXBuildFile; fileRef = 222E80101BC56D53003FD835 /* MBProgressHUD.m */; settings = {ASSET_TAGS = (); }; };
		222E80151BC56EF8003FD835 /* NSString+WebService.m in Sources */ = {isa = PBXBuildFile; fileRef = 222E80141BC56EF8003FD835 /* NSString+WebService.m */; settings = {ASSET_TAGS = (); }; };
		22FC52AB1BC4847400D95156 /* main.m in Sources */ = {isa = PBXBuildFile; fileRef = 22FC52AA1BC4847400D95156 /* main.m */; };
		22FC52AE1BC4847400D95156 /* AppDelegate.m in Sources */ = {isa = PBXBuildFile; fileRef = 22FC52AD1BC4847400D95156 /* AppDelegate.m */; };
		22FC52B11BC4847400D95156 /* ViewController.m in Sources */ = {isa = PBXBuildFile; fileRef = 22FC52B01BC4847400D95156 /* ViewController.m */; };
		22FC52B41BC4847400D95156 /* Main.storyboard in Resources */ = {isa = PBXBuildFile; fileRef = 22FC52B21BC4847400D95156 /* Main.storyboard */; };
		22FC52B61BC4847400D95156 /* Assets.xcassets in Resources */ = {isa = PBXBuildFile; fileRef = 22FC52B51BC4847400D95156 /* Assets.xcassets */; };
		22FC52B91BC4847400D95156 /* LaunchScreen.storyboard in Resources */ = {isa = PBXBuildFile; fileRef = 22FC52B71BC4847400D95156 /* LaunchScreen.storyboard */; };
		22FC52C41BC4847400D95156 /* MacysAssignmentTests.m in Sources */ = {isa = PBXBuildFile; fileRef = 22FC52C31BC4847400D95156 /* MacysAssignmentTests.m */; };
		22FC52CF1BC4847400D95156 /* MacysAssignmentUITests.m in Sources */ = {isa = PBXBuildFile; fileRef = 22FC52CE1BC4847400D95156 /* MacysAssignmentUITests.m */; };
		22FC52DE1BC4864F00D95156 /* WindowView.m in Sources */ = {isa = PBXBuildFile; fileRef = 22FC52DC1BC4864F00D95156 /* WindowView.m */; settings = {ASSET_TAGS = (); }; };
		22FC52E11BC4886E00D95156 /* UIColor+SelfDefinedColors.m in Sources */ = {isa = PBXBuildFile; fileRef = 22FC52E01BC4886E00D95156 /* UIColor+SelfDefinedColors.m */; settings = {ASSET_TAGS = (); }; };
		22FC7BEF1BC557CF007FC825 /* Word.m in Sources */ = {isa = PBXBuildFile; fileRef = 22FC7BEE1BC557CF007FC825 /* Word.m */; settings = {ASSET_TAGS = (); }; };
		22FC7BF31BC55F3B007FC825 /* ResultTVC.m in Sources */ = {isa = PBXBuildFile; fileRef = 22FC7BF21BC55F3B007FC825 /* ResultTVC.m */; settings = {ASSET_TAGS = (); }; };
		22FC7BF81BC56117007FC825 /* ResultTVCell.m in Sources */ = {isa = PBXBuildFile; fileRef = 22FC7BF71BC56117007FC825 /* ResultTVCell.m */; settings = {ASSET_TAGS = (); }; };
/* End PBXBuildFile section */

/* Begin PBXContainerItemProxy section */
		22FC52C01BC4847400D95156 /* PBXContainerItemProxy */ = {
			isa = PBXContainerItemProxy;
			containerPortal = 22FC529E1BC4847400D95156 /* Project object */;
			proxyType = 1;
			remoteGlobalIDString = 22FC52A51BC4847400D95156;
			remoteInfo = MacysAssignment;
		};
		22FC52CB1BC4847400D95156 /* PBXContainerItemProxy */ = {
			isa = PBXContainerItemProxy;
			containerPortal = 22FC529E1BC4847400D95156 /* Project object */;
			proxyType = 1;
			remoteGlobalIDString = 22FC52A51BC4847400D95156;
			remoteInfo = MacysAssignment;
		};
/* End PBXContainerItemProxy section */

/* Begin PBXFileReference section */
		2216376D1BC4910300F936D7 /* UIView+Shape.h */ = {isa = PBXFileReference; fileEncoding = 4; lastKnownFileType = sourcecode.c.h; path = "UIView+Shape.h"; sourceTree = "<group>"; };
		2216376E1BC4910300F936D7 /* UIView+Shape.m */ = {isa = PBXFileReference; fileEncoding = 4; lastKnownFileType = sourcecode.c.objc; path = "UIView+Shape.m"; sourceTree = "<group>"; };
		221637781BC4A62500F936D7 /* IOSRequest.h */ = {isa = PBXFileReference; fileEncoding = 4; lastKnownFileType = sourcecode.c.h; path = IOSRequest.h; sourceTree = "<group>"; };
		221637791BC4A62500F936D7 /* IOSRequest.m */ = {isa = PBXFileReference; fileEncoding = 4; lastKnownFileType = sourcecode.c.objc; path = IOSRequest.m; sourceTree = "<group>"; };
		221637DE1BC4AED200F936D7 /* AFHTTPClient.h */ = {isa = PBXFileReference; fileEncoding = 4; lastKnownFileType = sourcecode.c.h; path = AFHTTPClient.h; sourceTree = "<group>"; };
		221637DF1BC4AED200F936D7 /* AFHTTPClient.m */ = {isa = PBXFileReference; fileEncoding = 4; lastKnownFileType = sourcecode.c.objc; path = AFHTTPClient.m; sourceTree = "<group>"; };
		221637E01BC4AED200F936D7 /* AFHTTPRequestOperation.h */ = {isa = PBXFileReference; fileEncoding = 4; lastKnownFileType = sourcecode.c.h; path = AFHTTPRequestOperation.h; sourceTree = "<group>"; };
		221637E11BC4AED200F936D7 /* AFHTTPRequestOperation.m */ = {isa = PBXFileReference; fileEncoding = 4; lastKnownFileType = sourcecode.c.objc; path = AFHTTPRequestOperation.m; sourceTree = "<group>"; };
		221637E21BC4AED200F936D7 /* AFImageRequestOperation.h */ = {isa = PBXFileReference; fileEncoding = 4; lastKnownFileType = sourcecode.c.h; path = AFImageRequestOperation.h; sourceTree = "<group>"; };
		221637E31BC4AED200F936D7 /* AFImageRequestOperation.m */ = {isa = PBXFileReference; fileEncoding = 4; lastKnownFileType = sourcecode.c.objc; path = AFImageRequestOperation.m; sourceTree = "<group>"; };
		221637E41BC4AED200F936D7 /* AFJSONRequestOperation.h */ = {isa = PBXFileReference; fileEncoding = 4; lastKnownFileType = sourcecode.c.h; path = AFJSONRequestOperation.h; sourceTree = "<group>"; };
		221637E51BC4AED200F936D7 /* AFJSONRequestOperation.m */ = {isa = PBXFileReference; fileEncoding = 4; lastKnownFileType = sourcecode.c.objc; path = AFJSONRequestOperation.m; sourceTree = "<group>"; };
		221637E61BC4AED200F936D7 /* AFNetworkActivityIndicatorManager.h */ = {isa = PBXFileReference; fileEncoding = 4; lastKnownFileType = sourcecode.c.h; path = AFNetworkActivityIndicatorManager.h; sourceTree = "<group>"; };
		221637E71BC4AED200F936D7 /* AFNetworkActivityIndicatorManager.m */ = {isa = PBXFileReference; fileEncoding = 4; lastKnownFileType = sourcecode.c.objc; path = AFNetworkActivityIndicatorManager.m; sourceTree = "<group>"; };
		221637E81BC4AED200F936D7 /* AFNetworking.h */ = {isa = PBXFileReference; fileEncoding = 4; lastKnownFileType = sourcecode.c.h; path = AFNetworking.h; sourceTree = "<group>"; };
		221637E91BC4AED200F936D7 /* AFPropertyListRequestOperation.h */ = {isa = PBXFileReference; fileEncoding = 4; lastKnownFileType = sourcecode.c.h; path = AFPropertyListRequestOperation.h; sourceTree = "<group>"; };
		221637EA1BC4AED200F936D7 /* AFPropertyListRequestOperation.m */ = {isa = PBXFileReference; fileEncoding = 4; lastKnownFileType = sourcecode.c.objc; path = AFPropertyListRequestOperation.m; sourceTree = "<group>"; };
		221637EB1BC4AED200F936D7 /* AFURLConnectionOperation.h */ = {isa = PBXFileReference; fileEncoding = 4; lastKnownFileType = sourcecode.c.h; path = AFURLConnectionOperation.h; sourceTree = "<group>"; };
		221637EC1BC4AED200F936D7 /* AFURLConnectionOperation.m */ = {isa = PBXFileReference; fileEncoding = 4; lastKnownFileType = sourcecode.c.objc; path = AFURLConnectionOperation.m; sourceTree = "<group>"; };
		221637ED1BC4AED200F936D7 /* AFXMLRequestOperation.h */ = {isa = PBXFileReference; fileEncoding = 4; lastKnownFileType = sourcecode.c.h; path = AFXMLRequestOperation.h; sourceTree = "<group>"; };
		221637EE1BC4AED200F936D7 /* AFXMLRequestOperation.m */ = {isa = PBXFileReference; fileEncoding = 4; lastKnownFileType = sourcecode.c.objc; path = AFXMLRequestOperation.m; sourceTree = "<group>"; };
		221637EF1BC4AED200F936D7 /* UIImageView+AFNetworking.h */ = {isa = PBXFileReference; fileEncoding = 4; lastKnownFileType = sourcecode.c.h; path = "UIImageView+AFNetworking.h"; sourceTree = "<group>"; };
		221637F01BC4AED200F936D7 /* UIImageView+AFNetworking.m */ = {isa = PBXFileReference; fileEncoding = 4; lastKnownFileType = sourcecode.c.objc; path = "UIImageView+AFNetworking.m"; sourceTree = "<group>"; };
		222E800F1BC56D53003FD835 /* MBProgressHUD.h */ = {isa = PBXFileReference; fileEncoding = 4; lastKnownFileType = sourcecode.c.h; path = MBProgressHUD.h; sourceTree = "<group>"; };
		222E80101BC56D53003FD835 /* MBProgressHUD.m */ = {isa = PBXFileReference; fileEncoding = 4; lastKnownFileType = sourcecode.c.objc; path = MBProgressHUD.m; sourceTree = "<group>"; };
		222E80131BC56EF8003FD835 /* NSString+WebService.h */ = {isa = PBXFileReference; fileEncoding = 4; lastKnownFileType = sourcecode.c.h; path = "NSString+WebService.h"; sourceTree = "<group>"; };
		222E80141BC56EF8003FD835 /* NSString+WebService.m */ = {isa = PBXFileReference; fileEncoding = 4; lastKnownFileType = sourcecode.c.objc; path = "NSString+WebService.m"; sourceTree = "<group>"; };
		22FC52A61BC4847400D95156 /* MacysAssignment.app */ = {isa = PBXFileReference; explicitFileType = wrapper.application; includeInIndex = 0; path = MacysAssignment.app; sourceTree = BUILT_PRODUCTS_DIR; };
		22FC52AA1BC4847400D95156 /* main.m */ = {isa = PBXFileReference; lastKnownFileType = sourcecode.c.objc; path = main.m; sourceTree = "<group>"; };
		22FC52AC1BC4847400D95156 /* AppDelegate.h */ = {isa = PBXFileReference; lastKnownFileType = sourcecode.c.h; path = AppDelegate.h; sourceTree = "<group>"; };
		22FC52AD1BC4847400D95156 /* AppDelegate.m */ = {isa = PBXFileReference; lastKnownFileType = sourcecode.c.objc; path = AppDelegate.m; sourceTree = "<group>"; };
		22FC52AF1BC4847400D95156 /* ViewController.h */ = {isa = PBXFileReference; lastKnownFileType = sourcecode.c.h; path = ViewController.h; sourceTree = "<group>"; };
		22FC52B01BC4847400D95156 /* ViewController.m */ = {isa = PBXFileReference; lastKnownFileType = sourcecode.c.objc; path = ViewController.m; sourceTree = "<group>"; };
		22FC52B31BC4847400D95156 /* Base */ = {isa = PBXFileReference; lastKnownFileType = file.storyboard; name = Base; path = Base.lproj/Main.storyboard; sourceTree = "<group>"; };
		22FC52B51BC4847400D95156 /* Assets.xcassets */ = {isa = PBXFileReference; lastKnownFileType = folder.assetcatalog; path = Assets.xcassets; sourceTree = "<group>"; };
		22FC52B81BC4847400D95156 /* Base */ = {isa = PBXFileReference; lastKnownFileType = file.storyboard; name = Base; path = Base.lproj/LaunchScreen.storyboard; sourceTree = "<group>"; };
		22FC52BA1BC4847400D95156 /* Info.plist */ = {isa = PBXFileReference; lastKnownFileType = text.plist.xml; path = Info.plist; sourceTree = "<group>"; };
		22FC52BF1BC4847400D95156 /* MacysAssignmentTests.xctest */ = {isa = PBXFileReference; explicitFileType = wrapper.cfbundle; includeInIndex = 0; path = MacysAssignmentTests.xctest; sourceTree = BUILT_PRODUCTS_DIR; };
		22FC52C31BC4847400D95156 /* MacysAssignmentTests.m */ = {isa = PBXFileReference; lastKnownFileType = sourcecode.c.objc; path = MacysAssignmentTests.m; sourceTree = "<group>"; };
		22FC52C51BC4847400D95156 /* Info.plist */ = {isa = PBXFileReference; lastKnownFileType = text.plist.xml; path = Info.plist; sourceTree = "<group>"; };
		22FC52CA1BC4847400D95156 /* MacysAssignmentUITests.xctest */ = {isa = PBXFileReference; explicitFileType = wrapper.cfbundle; includeInIndex = 0; path = MacysAssignmentUITests.xctest; sourceTree = BUILT_PRODUCTS_DIR; };
		22FC52CE1BC4847400D95156 /* MacysAssignmentUITests.m */ = {isa = PBXFileReference; lastKnownFileType = sourcecode.c.objc; path = MacysAssignmentUITests.m; sourceTree = "<group>"; };
		22FC52D01BC4847400D95156 /* Info.plist */ = {isa = PBXFileReference; lastKnownFileType = text.plist.xml; path = Info.plist; sourceTree = "<group>"; };
		22FC52DC1BC4864F00D95156 /* WindowView.m */ = {isa = PBXFileReference; fileEncoding = 4; lastKnownFileType = sourcecode.c.objc; path = WindowView.m; sourceTree = "<group>"; };
		22FC52DD1BC4864F00D95156 /* WindowView.h */ = {isa = PBXFileReference; fileEncoding = 4; lastKnownFileType = sourcecode.c.h; path = WindowView.h; sourceTree = "<group>"; };
		22FC52DF1BC4886E00D95156 /* UIColor+SelfDefinedColors.h */ = {isa = PBXFileReference; fileEncoding = 4; lastKnownFileType = sourcecode.c.h; path = "UIColor+SelfDefinedColors.h"; sourceTree = "<group>"; };
		22FC52E01BC4886E00D95156 /* UIColor+SelfDefinedColors.m */ = {isa = PBXFileReference; fileEncoding = 4; lastKnownFileType = sourcecode.c.objc; path = "UIColor+SelfDefinedColors.m"; sourceTree = "<group>"; };
		22FC7BED1BC557CF007FC825 /* Word.h */ = {isa = PBXFileReference; fileEncoding = 4; lastKnownFileType = sourcecode.c.h; path = Word.h; sourceTree = "<group>"; };
		22FC7BEE1BC557CF007FC825 /* Word.m */ = {isa = PBXFileReference; fileEncoding = 4; lastKnownFileType = sourcecode.c.objc; path = Word.m; sourceTree = "<group>"; };
		22FC7BF11BC55F3B007FC825 /* ResultTVC.h */ = {isa = PBXFileReference; fileEncoding = 4; lastKnownFileType = sourcecode.c.h; path = ResultTVC.h; sourceTree = "<group>"; };
		22FC7BF21BC55F3B007FC825 /* ResultTVC.m */ = {isa = PBXFileReference; fileEncoding = 4; lastKnownFileType = sourcecode.c.objc; path = ResultTVC.m; sourceTree = "<group>"; };
		22FC7BF61BC56117007FC825 /* ResultTVCell.h */ = {isa = PBXFileReference; fileEncoding = 4; lastKnownFileType = sourcecode.c.h; path = ResultTVCell.h; sourceTree = "<group>"; };
		22FC7BF71BC56117007FC825 /* ResultTVCell.m */ = {isa = PBXFileReference; fileEncoding = 4; lastKnownFileType = sourcecode.c.objc; path = ResultTVCell.m; sourceTree = "<group>"; };
/* End PBXFileReference section */

/* Begin PBXFrameworksBuildPhase section */
		22FC52A31BC4847400D95156 /* Frameworks */ = {
			isa = PBXFrameworksBuildPhase;
			buildActionMask = 2147483647;
			files = (
			);
			runOnlyForDeploymentPostprocessing = 0;
		};
		22FC52BC1BC4847400D95156 /* Frameworks */ = {
			isa = PBXFrameworksBuildPhase;
			buildActionMask = 2147483647;
			files = (
			);
			runOnlyForDeploymentPostprocessing = 0;
		};
		22FC52C71BC4847400D95156 /* Frameworks */ = {
			isa = PBXFrameworksBuildPhase;
			buildActionMask = 2147483647;
			files = (
			);
			runOnlyForDeploymentPostprocessing = 0;
		};
/* End PBXFrameworksBuildPhase section */

/* Begin PBXGroup section */
		221637701BC4923300F936D7 /* Category */ = {
			isa = PBXGroup;
			children = (
				222E80131BC56EF8003FD835 /* NSString+WebService.h */,
				222E80141BC56EF8003FD835 /* NSString+WebService.m */,
				2216376D1BC4910300F936D7 /* UIView+Shape.h */,
				2216376E1BC4910300F936D7 /* UIView+Shape.m */,
				22FC52DF1BC4886E00D95156 /* UIColor+SelfDefinedColors.h */,
				22FC52E01BC4886E00D95156 /* UIColor+SelfDefinedColors.m */,
			);
			name = Category;
			sourceTree = "<group>";
		};
		221637761BC4A5F100F936D7 /* Supporting */ = {
			isa = PBXGroup;
			children = (
				222E80121BC56D57003FD835 /* MBProgressHUD */,
				221637A81BC4A90C00F936D7 /* AFNetworking */,
			);
			name = Supporting;
			sourceTree = "<group>";
		};
		221637771BC4A61600F936D7 /* WebHelper */ = {
			isa = PBXGroup;
			children = (
				221637781BC4A62500F936D7 /* IOSRequest.h */,
				221637791BC4A62500F936D7 /* IOSRequest.m */,
			);
			name = WebHelper;
			sourceTree = "<group>";
		};
		221637A81BC4A90C00F936D7 /* AFNetworking */ = {
			isa = PBXGroup;
			children = (
				221637DE1BC4AED200F936D7 /* AFHTTPClient.h */,
				221637DF1BC4AED200F936D7 /* AFHTTPClient.m */,
				221637E01BC4AED200F936D7 /* AFHTTPRequestOperation.h */,
				221637E11BC4AED200F936D7 /* AFHTTPRequestOperation.m */,
				221637E21BC4AED200F936D7 /* AFImageRequestOperation.h */,
				221637E31BC4AED200F936D7 /* AFImageRequestOperation.m */,
				221637E41BC4AED200F936D7 /* AFJSONRequestOperation.h */,
				221637E51BC4AED200F936D7 /* AFJSONRequestOperation.m */,
				221637E61BC4AED200F936D7 /* AFNetworkActivityIndicatorManager.h */,
				221637E71BC4AED200F936D7 /* AFNetworkActivityIndicatorManager.m */,
				221637E81BC4AED200F936D7 /* AFNetworking.h */,
				221637E91BC4AED200F936D7 /* AFPropertyListRequestOperation.h */,
				221637EA1BC4AED200F936D7 /* AFPropertyListRequestOperation.m */,
				221637EB1BC4AED200F936D7 /* AFURLConnectionOperation.h */,
				221637EC1BC4AED200F936D7 /* AFURLConnectionOperation.m */,
				221637ED1BC4AED200F936D7 /* AFXMLRequestOperation.h */,
				221637EE1BC4AED200F936D7 /* AFXMLRequestOperation.m */,
				221637EF1BC4AED200F936D7 /* UIImageView+AFNetworking.h */,
				221637F01BC4AED200F936D7 /* UIImageView+AFNetworking.m */,
			);
			name = AFNetworking;
			sourceTree = "<group>";
		};
		222E80121BC56D57003FD835 /* MBProgressHUD */ = {
			isa = PBXGroup;
			children = (
				222E800F1BC56D53003FD835 /* MBProgressHUD.h */,
				222E80101BC56D53003FD835 /* MBProgressHUD.m */,
			);
			name = MBProgressHUD;
			sourceTree = "<group>";
		};
		22FC529D1BC4847400D95156 = {
			isa = PBXGroup;
			children = (
				22FC52A81BC4847400D95156 /* MacysAssignment */,
				22FC52C21BC4847400D95156 /* MacysAssignmentTests */,
				22FC52CD1BC4847400D95156 /* MacysAssignmentUITests */,
				22FC52A71BC4847400D95156 /* Products */,
			);
			sourceTree = "<group>";
		};
		22FC52A71BC4847400D95156 /* Products */ = {
			isa = PBXGroup;
			children = (
				22FC52A61BC4847400D95156 /* MacysAssignment.app */,
				22FC52BF1BC4847400D95156 /* MacysAssignmentTests.xctest */,
				22FC52CA1BC4847400D95156 /* MacysAssignmentUITests.xctest */,
			);
			name = Products;
			sourceTree = "<group>";
		};
		22FC52A81BC4847400D95156 /* MacysAssignment */ = {
			isa = PBXGroup;
			children = (
				22FC7BF51BC55FC9007FC825 /* View */,
				22FC7BF41BC55FB1007FC825 /* Controller */,
				22FC7BF01BC557D4007FC825 /* Model */,
				221637771BC4A61600F936D7 /* WebHelper */,
				221637701BC4923300F936D7 /* Category */,
				221637761BC4A5F100F936D7 /* Supporting */,
				22FC52AC1BC4847400D95156 /* AppDelegate.h */,
				22FC52AD1BC4847400D95156 /* AppDelegate.m */,
				22FC52B21BC4847400D95156 /* Main.storyboard */,
				22FC52B51BC4847400D95156 /* Assets.xcassets */,
				22FC52B71BC4847400D95156 /* LaunchScreen.storyboard */,
				22FC52BA1BC4847400D95156 /* Info.plist */,
				22FC52A91BC4847400D95156 /* Supporting Files */,
			);
			path = MacysAssignment;
			sourceTree = "<group>";
		};
		22FC52A91BC4847400D95156 /* Supporting Files */ = {
			isa = PBXGroup;
			children = (
				22FC52AA1BC4847400D95156 /* main.m */,
			);
			name = "Supporting Files";
			sourceTree = "<group>";
		};
		22FC52C21BC4847400D95156 /* MacysAssignmentTests */ = {
			isa = PBXGroup;
			children = (
				22FC52C31BC4847400D95156 /* MacysAssignmentTests.m */,
				22FC52C51BC4847400D95156 /* Info.plist */,
			);
			path = MacysAssignmentTests;
			sourceTree = "<group>";
		};
		22FC52CD1BC4847400D95156 /* MacysAssignmentUITests */ = {
			isa = PBXGroup;
			children = (
				22FC52CE1BC4847400D95156 /* MacysAssignmentUITests.m */,
				22FC52D01BC4847400D95156 /* Info.plist */,
			);
			path = MacysAssignmentUITests;
			sourceTree = "<group>";
		};
		22FC7BF01BC557D4007FC825 /* Model */ = {
			isa = PBXGroup;
			children = (
				22FC7BED1BC557CF007FC825 /* Word.h */,
				22FC7BEE1BC557CF007FC825 /* Word.m */,
			);
			name = Model;
			sourceTree = "<group>";
		};
		22FC7BF41BC55FB1007FC825 /* Controller */ = {
			isa = PBXGroup;
			children = (
				22FC52AF1BC4847400D95156 /* ViewController.h */,
				22FC52B01BC4847400D95156 /* ViewController.m */,
				22FC7BF11BC55F3B007FC825 /* ResultTVC.h */,
				22FC7BF21BC55F3B007FC825 /* ResultTVC.m */,
			);
			name = Controller;
			sourceTree = "<group>";
		};
		22FC7BF51BC55FC9007FC825 /* View */ = {
			isa = PBXGroup;
			children = (
				22FC52DC1BC4864F00D95156 /* WindowView.m */,
				22FC52DD1BC4864F00D95156 /* WindowView.h */,
				22FC7BF61BC56117007FC825 /* ResultTVCell.h */,
				22FC7BF71BC56117007FC825 /* ResultTVCell.m */,
			);
			name = View;
			sourceTree = "<group>";
		};
/* End PBXGroup section */

/* Begin PBXNativeTarget section */
		22FC52A51BC4847400D95156 /* MacysAssignment */ = {
			isa = PBXNativeTarget;
			buildConfigurationList = 22FC52D31BC4847400D95156 /* Build configuration list for PBXNativeTarget "MacysAssignment" */;
			buildPhases = (
				22FC52A21BC4847400D95156 /* Sources */,
				22FC52A31BC4847400D95156 /* Frameworks */,
				22FC52A41BC4847400D95156 /* Resources */,
			);
			buildRules = (
			);
			dependencies = (
			);
			name = MacysAssignment;
			productName = MacysAssignment;
			productReference = 22FC52A61BC4847400D95156 /* MacysAssignment.app */;
			productType = "com.apple.product-type.application";
		};
		22FC52BE1BC4847400D95156 /* MacysAssignmentTests */ = {
			isa = PBXNativeTarget;
			buildConfigurationList = 22FC52D61BC4847400D95156 /* Build configuration list for PBXNativeTarget "MacysAssignmentTests" */;
			buildPhases = (
				22FC52BB1BC4847400D95156 /* Sources */,
				22FC52BC1BC4847400D95156 /* Frameworks */,
				22FC52BD1BC4847400D95156 /* Resources */,
			);
			buildRules = (
			);
			dependencies = (
				22FC52C11BC4847400D95156 /* PBXTargetDependency */,
			);
			name = MacysAssignmentTests;
			productName = MacysAssignmentTests;
			productReference = 22FC52BF1BC4847400D95156 /* MacysAssignmentTests.xctest */;
			productType = "com.apple.product-type.bundle.unit-test";
		};
		22FC52C91BC4847400D95156 /* MacysAssignmentUITests */ = {
			isa = PBXNativeTarget;
			buildConfigurationList = 22FC52D91BC4847400D95156 /* Build configuration list for PBXNativeTarget "MacysAssignmentUITests" */;
			buildPhases = (
				22FC52C61BC4847400D95156 /* Sources */,
				22FC52C71BC4847400D95156 /* Frameworks */,
				22FC52C81BC4847400D95156 /* Resources */,
			);
			buildRules = (
			);
			dependencies = (
				22FC52CC1BC4847400D95156 /* PBXTargetDependency */,
			);
			name = MacysAssignmentUITests;
			productName = MacysAssignmentUITests;
			productReference = 22FC52CA1BC4847400D95156 /* MacysAssignmentUITests.xctest */;
			productType = "com.apple.product-type.bundle.ui-testing";
		};
/* End PBXNativeTarget section */

/* Begin PBXProject section */
		22FC529E1BC4847400D95156 /* Project object */ = {
			isa = PBXProject;
			attributes = {
				LastUpgradeCheck = 0700;
				ORGANIZATIONNAME = "Xin Sun";
				TargetAttributes = {
					22FC52A51BC4847400D95156 = {
						CreatedOnToolsVersion = 7.0.1;
					};
					22FC52BE1BC4847400D95156 = {
						CreatedOnToolsVersion = 7.0.1;
						TestTargetID = 22FC52A51BC4847400D95156;
					};
					22FC52C91BC4847400D95156 = {
						CreatedOnToolsVersion = 7.0.1;
						TestTargetID = 22FC52A51BC4847400D95156;
					};
				};
			};
			buildConfigurationList = 22FC52A11BC4847400D95156 /* Build configuration list for PBXProject "MacysAssignment" */;
			compatibilityVersion = "Xcode 3.2";
			developmentRegion = English;
			hasScannedForEncodings = 0;
			knownRegions = (
				en,
				Base,
			);
			mainGroup = 22FC529D1BC4847400D95156;
			productRefGroup = 22FC52A71BC4847400D95156 /* Products */;
			projectDirPath = "";
			projectRoot = "";
			targets = (
				22FC52A51BC4847400D95156 /* MacysAssignment */,
				22FC52BE1BC4847400D95156 /* MacysAssignmentTests */,
				22FC52C91BC4847400D95156 /* MacysAssignmentUITests */,
			);
		};
/* End PBXProject section */

/* Begin PBXResourcesBuildPhase section */
		22FC52A41BC4847400D95156 /* Resources */ = {
			isa = PBXResourcesBuildPhase;
			buildActionMask = 2147483647;
			files = (
				22FC52B91BC4847400D95156 /* LaunchScreen.storyboard in Resources */,
				22FC52B61BC4847400D95156 /* Assets.xcassets in Resources */,
				22FC52B41BC4847400D95156 /* Main.storyboard in Resources */,
			);
			runOnlyForDeploymentPostprocessing = 0;
		};
		22FC52BD1BC4847400D95156 /* Resources */ = {
			isa = PBXResourcesBuildPhase;
			buildActionMask = 2147483647;
			files = (
			);
			runOnlyForDeploymentPostprocessing = 0;
		};
		22FC52C81BC4847400D95156 /* Resources */ = {
			isa = PBXResourcesBuildPhase;
			buildActionMask = 2147483647;
			files = (
			);
			runOnlyForDeploymentPostprocessing = 0;
		};
/* End PBXResourcesBuildPhase section */

/* Begin PBXSourcesBuildPhase section */
		22FC52A21BC4847400D95156 /* Sources */ = {
			isa = PBXSourcesBuildPhase;
			buildActionMask = 2147483647;
			files = (
				221637F71BC4AED200F936D7 /* AFURLConnectionOperation.m in Sources */,
				221637F81BC4AED200F936D7 /* AFXMLRequestOperation.m in Sources */,
				221637F41BC4AED200F936D7 /* AFJSONRequestOperation.m in Sources */,
				22FC7BEF1BC557CF007FC825 /* Word.m in Sources */,
				221637F21BC4AED200F936D7 /* AFHTTPRequestOperation.m in Sources */,
				2216377A1BC4A62500F936D7 /* IOSRequest.m in Sources */,
				22FC52B11BC4847400D95156 /* ViewController.m in Sources */,
				222E80111BC56D53003FD835 /* MBProgressHUD.m in Sources */,
				22FC52E11BC4886E00D95156 /* UIColor+SelfDefinedColors.m in Sources */,
				2216376F1BC4910300F936D7 /* UIView+Shape.m in Sources */,
				22FC7BF81BC56117007FC825 /* ResultTVCell.m in Sources */,
				222E80151BC56EF8003FD835 /* NSString+WebService.m in Sources */,
				22FC52AE1BC4847400D95156 /* AppDelegate.m in Sources */,
				221637F31BC4AED200F936D7 /* AFImageRequestOperation.m in Sources */,
				221637F51BC4AED200F936D7 /* AFNetworkActivityIndicatorManager.m in Sources */,
				221637F91BC4AED200F936D7 /* UIImageView+AFNetworking.m in Sources */,
				22FC52DE1BC4864F00D95156 /* WindowView.m in Sources */,
				22FC52AB1BC4847400D95156 /* main.m in Sources */,
				221637F11BC4AED200F936D7 /* AFHTTPClient.m in Sources */,
				22FC7BF31BC55F3B007FC825 /* ResultTVC.m in Sources */,
				221637F61BC4AED200F936D7 /* AFPropertyListRequestOperation.m in Sources */,
			);
			runOnlyForDeploymentPostprocessing = 0;
		};
		22FC52BB1BC4847400D95156 /* Sources */ = {
			isa = PBXSourcesBuildPhase;
			buildActionMask = 2147483647;
			files = (
				22FC52C41BC4847400D95156 /* MacysAssignmentTests.m in Sources */,
			);
			runOnlyForDeploymentPostprocessing = 0;
		};
		22FC52C61BC4847400D95156 /* Sources */ = {
			isa = PBXSourcesBuildPhase;
			buildActionMask = 2147483647;
			files = (
				22FC52CF1BC4847400D95156 /* MacysAssignmentUITests.m in Sources */,
			);
			runOnlyForDeploymentPostprocessing = 0;
		};
/* End PBXSourcesBuildPhase section */

/* Begin PBXTargetDependency section */
		22FC52C11BC4847400D95156 /* PBXTargetDependency */ = {
			isa = PBXTargetDependency;
			target = 22FC52A51BC4847400D95156 /* MacysAssignment */;
			targetProxy = 22FC52C01BC4847400D95156 /* PBXContainerItemProxy */;
		};
		22FC52CC1BC4847400D95156 /* PBXTargetDependency */ = {
			isa = PBXTargetDependency;
			target = 22FC52A51BC4847400D95156 /* MacysAssignment */;
			targetProxy = 22FC52CB1BC4847400D95156 /* PBXContainerItemProxy */;
		};
/* End PBXTargetDependency section */

/* Begin PBXVariantGroup section */
		22FC52B21BC4847400D95156 /* Main.storyboard */ = {
			isa = PBXVariantGroup;
			children = (
				22FC52B31BC4847400D95156 /* Base */,
			);
			name = Main.storyboard;
			sourceTree = "<group>";
		};
		22FC52B71BC4847400D95156 /* LaunchScreen.storyboard */ = {
			isa = PBXVariantGroup;
			children = (
				22FC52B81BC4847400D95156 /* Base */,
			);
			name = LaunchScreen.storyboard;
			sourceTree = "<group>";
		};
/* End PBXVariantGroup section */

/* Begin XCBuildConfiguration section */
		22FC52D11BC4847400D95156 /* Debug */ = {
			isa = XCBuildConfiguration;
			buildSettings = {
				ALWAYS_SEARCH_USER_PATHS = NO;
				CLANG_CXX_LANGUAGE_STANDARD = "gnu++0x";
				CLANG_CXX_LIBRARY = "libc++";
				CLANG_ENABLE_MODULES = YES;
				CLANG_ENABLE_OBJC_ARC = YES;
				CLANG_WARN_BOOL_CONVERSION = YES;
				CLANG_WARN_CONSTANT_CONVERSION = YES;
				CLANG_WARN_DIRECT_OBJC_ISA_USAGE = YES_ERROR;
				CLANG_WARN_EMPTY_BODY = YES;
				CLANG_WARN_ENUM_CONVERSION = YES;
				CLANG_WARN_INT_CONVERSION = YES;
				CLANG_WARN_OBJC_ROOT_CLASS = YES_ERROR;
				CLANG_WARN_UNREACHABLE_CODE = YES;
				CLANG_WARN__DUPLICATE_METHOD_MATCH = YES;
				"CODE_SIGN_IDENTITY[sdk=iphoneos*]" = "iPhone Developer";
				COPY_PHASE_STRIP = NO;
				DEBUG_INFORMATION_FORMAT = dwarf;
				ENABLE_STRICT_OBJC_MSGSEND = YES;
				ENABLE_TESTABILITY = YES;
				GCC_C_LANGUAGE_STANDARD = gnu99;
				GCC_DYNAMIC_NO_PIC = NO;
				GCC_NO_COMMON_BLOCKS = YES;
				GCC_OPTIMIZATION_LEVEL = 0;
				GCC_PREPROCESSOR_DEFINITIONS = (
					"DEBUG=1",
					"$(inherited)",
				);
				GCC_WARN_64_TO_32_BIT_CONVERSION = YES;
				GCC_WARN_ABOUT_RETURN_TYPE = YES_ERROR;
				GCC_WARN_UNDECLARED_SELECTOR = YES;
				GCC_WARN_UNINITIALIZED_AUTOS = YES_AGGRESSIVE;
				GCC_WARN_UNUSED_FUNCTION = YES;
				GCC_WARN_UNUSED_VARIABLE = YES;
				IPHONEOS_DEPLOYMENT_TARGET = 9.0;
				MTL_ENABLE_DEBUG_INFO = YES;
				ONLY_ACTIVE_ARCH = YES;
				SDKROOT = iphoneos;
			};
			name = Debug;
		};
		22FC52D21BC4847400D95156 /* Release */ = {
			isa = XCBuildConfiguration;
			buildSettings = {
				ALWAYS_SEARCH_USER_PATHS = NO;
				CLANG_CXX_LANGUAGE_STANDARD = "gnu++0x";
				CLANG_CXX_LIBRARY = "libc++";
				CLANG_ENABLE_MODULES = YES;
				CLANG_ENABLE_OBJC_ARC = YES;
				CLANG_WARN_BOOL_CONVERSION = YES;
				CLANG_WARN_CONSTANT_CONVERSION = YES;
				CLANG_WARN_DIRECT_OBJC_ISA_USAGE = YES_ERROR;
				CLANG_WARN_EMPTY_BODY = YES;
				CLANG_WARN_ENUM_CONVERSION = YES;
				CLANG_WARN_INT_CONVERSION = YES;
				CLANG_WARN_OBJC_ROOT_CLASS = YES_ERROR;
				CLANG_WARN_UNREACHABLE_CODE = YES;
				CLANG_WARN__DUPLICATE_METHOD_MATCH = YES;
				"CODE_SIGN_IDENTITY[sdk=iphoneos*]" = "iPhone Developer";
				COPY_PHASE_STRIP = NO;
				DEBUG_INFORMATION_FORMAT = "dwarf-with-dsym";
				ENABLE_NS_ASSERTIONS = NO;
				ENABLE_STRICT_OBJC_MSGSEND = YES;
				GCC_C_LANGUAGE_STANDARD = gnu99;
				GCC_NO_COMMON_BLOCKS = YES;
				GCC_WARN_64_TO_32_BIT_CONVERSION = YES;
				GCC_WARN_ABOUT_RETURN_TYPE = YES_ERROR;
				GCC_WARN_UNDECLARED_SELECTOR = YES;
				GCC_WARN_UNINITIALIZED_AUTOS = YES_AGGRESSIVE;
				GCC_WARN_UNUSED_FUNCTION = YES;
				GCC_WARN_UNUSED_VARIABLE = YES;
				IPHONEOS_DEPLOYMENT_TARGET = 9.0;
				MTL_ENABLE_DEBUG_INFO = NO;
				SDKROOT = iphoneos;
				VALIDATE_PRODUCT = YES;
			};
			name = Release;
		};
		22FC52D41BC4847400D95156 /* Debug */ = {
			isa = XCBuildConfiguration;
			buildSettings = {
				ASSETCATALOG_COMPILER_APPICON_NAME = AppIcon;
				INFOPLIST_FILE = MacysAssignment/Info.plist;
				LD_RUNPATH_SEARCH_PATHS = "$(inherited) @executable_path/Frameworks";
				PRODUCT_BUNDLE_IDENTIFIER = Home.MacysAssignment;
				PRODUCT_NAME = "$(TARGET_NAME)";
			};
			name = Debug;
		};
		22FC52D51BC4847400D95156 /* Release */ = {
			isa = XCBuildConfiguration;
			buildSettings = {
				ASSETCATALOG_COMPILER_APPICON_NAME = AppIcon;
				INFOPLIST_FILE = MacysAssignment/Info.plist;
				LD_RUNPATH_SEARCH_PATHS = "$(inherited) @executable_path/Frameworks";
				PRODUCT_BUNDLE_IDENTIFIER = Home.MacysAssignment;
				PRODUCT_NAME = "$(TARGET_NAME)";
			};
			name = Release;
		};
		22FC52D71BC4847400D95156 /* Debug */ = {
			isa = XCBuildConfiguration;
			buildSettings = {
				BUNDLE_LOADER = "$(TEST_HOST)";
				INFOPLIST_FILE = MacysAssignmentTests/Info.plist;
				LD_RUNPATH_SEARCH_PATHS = "$(inherited) @executable_path/Frameworks @loader_path/Frameworks";
				PRODUCT_BUNDLE_IDENTIFIER = Home.MacysAssignmentTests;
				PRODUCT_NAME = "$(TARGET_NAME)";
				TEST_HOST = "$(BUILT_PRODUCTS_DIR)/MacysAssignment.app/MacysAssignment";
			};
			name = Debug;
		};
		22FC52D81BC4847400D95156 /* Release */ = {
			isa = XCBuildConfiguration;
			buildSettings = {
				BUNDLE_LOADER = "$(TEST_HOST)";
				INFOPLIST_FILE = MacysAssignmentTests/Info.plist;
				LD_RUNPATH_SEARCH_PATHS = "$(inherited) @executable_path/Frameworks @loader_path/Frameworks";
				PRODUCT_BUNDLE_IDENTIFIER = Home.MacysAssignmentTests;
				PRODUCT_NAME = "$(TARGET_NAME)";
				TEST_HOST = "$(BUILT_PRODUCTS_DIR)/MacysAssignment.app/MacysAssignment";
			};
			name = Release;
		};
		22FC52DA1BC4847400D95156 /* Debug */ = {
			isa = XCBuildConfiguration;
			buildSettings = {
				INFOPLIST_FILE = MacysAssignmentUITests/Info.plist;
				LD_RUNPATH_SEARCH_PATHS = "$(inherited) @executable_path/Frameworks @loader_path/Frameworks";
				PRODUCT_BUNDLE_IDENTIFIER = Home.MacysAssignmentUITests;
				PRODUCT_NAME = "$(TARGET_NAME)";
				TEST_TARGET_NAME = MacysAssignment;
				USES_XCTRUNNER = YES;
			};
			name = Debug;
		};
		22FC52DB1BC4847400D95156 /* Release */ = {
			isa = XCBuildConfiguration;
			buildSettings = {
				INFOPLIST_FILE = MacysAssignmentUITests/Info.plist;
				LD_RUNPATH_SEARCH_PATHS = "$(inherited) @executable_path/Frameworks @loader_path/Frameworks";
				PRODUCT_BUNDLE_IDENTIFIER = Home.MacysAssignmentUITests;
				PRODUCT_NAME = "$(TARGET_NAME)";
				TEST_TARGET_NAME = MacysAssignment;
				USES_XCTRUNNER = YES;
			};
			name = Release;
		};
/* End XCBuildConfiguration section */

/* Begin XCConfigurationList section */
		22FC52A11BC4847400D95156 /* Build configuration list for PBXProject "MacysAssignment" */ = {
			isa = XCConfigurationList;
			buildConfigurations = (
				22FC52D11BC4847400D95156 /* Debug */,
				22FC52D21BC4847400D95156 /* Release */,
			);
			defaultConfigurationIsVisible = 0;
			defaultConfigurationName = Release;
		};
		22FC52D31BC4847400D95156 /* Build configuration list for PBXNativeTarget "MacysAssignment" */ = {
			isa = XCConfigurationList;
			buildConfigurations = (
				22FC52D41BC4847400D95156 /* Debug */,
				22FC52D51BC4847400D95156 /* Release */,
			);
			defaultConfigurationIsVisible = 0;
			defaultConfigurationName = Release;
		};
		22FC52D61BC4847400D95156 /* Build configuration list for PBXNativeTarget "MacysAssignmentTests" */ = {
			isa = XCConfigurationList;
			buildConfigurations = (
				22FC52D71BC4847400D95156 /* Debug */,
				22FC52D81BC4847400D95156 /* Release */,
			);
			defaultConfigurationIsVisible = 0;
			defaultConfigurationName = Release;
		};
		22FC52D91BC4847400D95156 /* Build configuration list for PBXNativeTarget "MacysAssignmentUITests" */ = {
			isa = XCConfigurationList;
			buildConfigurations = (
				22FC52DA1BC4847400D95156 /* Debug */,
				22FC52DB1BC4847400D95156 /* Release */,
			);
			defaultConfigurationIsVisible = 0;
			defaultConfigurationName = Release;
		};
/* End XCConfigurationList section */
	};
	rootObject = 22FC529E1BC4847400D95156 /* Project object */;
}
